
Microsoft Visual Studio Solution File, Format Version 12.00
# Visual Studio 15
VisualStudioVersion = 15.0.28307.539
MinimumVisualStudioVersion = 10.0.40219.1
Project("{FAE04EC0-301F-11D3-BF4B-00C04F79EFBC}") = "Strukture", "Strukture\Strukture.csproj", "{0BF2308F-A191-4DFD-8B8E-2CC24365F736}"
EndProject
Global
	GlobalSection(SolutionConfigurationPlatforms) = preSolution
		Debug|Any CPU = Debug|Any CPU
		Release|Any CPU = Release|Any CPU
	EndGlobalSection
	GlobalSection(ProjectConfigurationPlatforms) = postSolution
		{0BF2308F-A191-4DFD-8B8E-2CC24365F736}.Debug|Any CPU.ActiveCfg = Debug|Any CPU
		{0BF2308F-A191-4DFD-8B8E-2CC24365F736}.Debug|Any CPU.Build.0 = Debug|Any CPU
		{0BF2308F-A191-4DFD-8B8E-2CC24365F736}.Release|Any CPU.ActiveCfg = Release|Any CPU
		{0BF2308F-A191-4DFD-8B8E-2CC24365F736}.Release|Any CPU.Build.0 = Release|Any CPU
	EndGlobalSection
	GlobalSection(SolutionProperties) = preSolution
		HideSolutionNode = FALSE
	EndGlobalSection
	GlobalSection(ExtensibilityGlobals) = postSolution
		SolutionGuid = {050EB54C-672C-4B21-8C8B-DC2BD7407CF0}
	EndGlobalSection
EndGlobal
