
Microsoft Visual Studio Solution File, Format Version 12.00
# Visual Studio 15
VisualStudioVersion = 15.0.28307.539
MinimumVisualStudioVersion = 10.0.40219.1
Project("{FAE04EC0-301F-11D3-BF4B-00C04F79EFBC}") = "WindowsFormsApp2", "WindowsFormsApp2\WindowsFormsApp2.csproj", "{B8197EE0-6604-4C5E-9005-3EBC0FC64227}"
EndProject
Global
	GlobalSection(SolutionConfigurationPlatforms) = preSolution
		Debug|Any CPU = Debug|Any CPU
		Release|Any CPU = Release|Any CPU
	EndGlobalSection
	GlobalSection(ProjectConfigurationPlatforms) = postSolution
		{B8197EE0-6604-4C5E-9005-3EBC0FC64227}.Debug|Any CPU.ActiveCfg = Debug|Any CPU
		{B8197EE0-6604-4C5E-9005-3EBC0FC64227}.Debug|Any CPU.Build.0 = Debug|Any CPU
		{B8197EE0-6604-4C5E-9005-3EBC0FC64227}.Release|Any CPU.ActiveCfg = Release|Any CPU
		{B8197EE0-6604-4C5E-9005-3EBC0FC64227}.Release|Any CPU.Build.0 = Release|Any CPU
	EndGlobalSection
	GlobalSection(SolutionProperties) = preSolution
		HideSolutionNode = FALSE
	EndGlobalSection
	GlobalSection(ExtensibilityGlobals) = postSolution
		SolutionGuid = {B6DAC79A-5718-40E1-B3A3-383D94EA4D2E}
	EndGlobalSection
EndGlobal
