
Microsoft Visual Studio Solution File, Format Version 12.00
# Visual Studio 15
VisualStudioVersion = 15.0.27004.2009
MinimumVisualStudioVersion = 10.0.40219.1
Project("{FAE04EC0-301F-11D3-BF4B-00C04F79EFBC}") = "Vezbanje", "Vezbanje\Vezbanje.csproj", "{EC30F2D9-0942-4ABE-B85E-8C29D65234D7}"
EndProject
Global
	GlobalSection(SolutionConfigurationPlatforms) = preSolution
		Debug|Any CPU = Debug|Any CPU
		Release|Any CPU = Release|Any CPU
	EndGlobalSection
	GlobalSection(ProjectConfigurationPlatforms) = postSolution
		{EC30F2D9-0942-4ABE-B85E-8C29D65234D7}.Debug|Any CPU.ActiveCfg = Debug|Any CPU
		{EC30F2D9-0942-4ABE-B85E-8C29D65234D7}.Debug|Any CPU.Build.0 = Debug|Any CPU
		{EC30F2D9-0942-4ABE-B85E-8C29D65234D7}.Release|Any CPU.ActiveCfg = Release|Any CPU
		{EC30F2D9-0942-4ABE-B85E-8C29D65234D7}.Release|Any CPU.Build.0 = Release|Any CPU
	EndGlobalSection
	GlobalSection(SolutionProperties) = preSolution
		HideSolutionNode = FALSE
	EndGlobalSection
	GlobalSection(ExtensibilityGlobals) = postSolution
		SolutionGuid = {C705979B-3C3A-4454-B73B-F12EBE8DC893}
	EndGlobalSection
EndGlobal
